
Microsoft Visual Studio Solution File, Format Version 12.00
# Visual Studio Version 16
VisualStudioVersion = 16.0.31911.196
MinimumVisualStudioVersion = 10.0.40219.1
Project("{FAE04EC0-301F-11D3-BF4B-00C04F79EFBC}") = "testRpd_Exer2", "testRpd_Exer2.csproj", "{C7141A0A-7A5A-4542-826B-CC277B9A191C}"
EndProject
Global
	GlobalSection(SolutionConfigurationPlatforms) = preSolution
		Debug|Any CPU = Debug|Any CPU
		Release|Any CPU = Release|Any CPU
	EndGlobalSection
	GlobalSection(ProjectConfigurationPlatforms) = postSolution
		{C7141A0A-7A5A-4542-826B-CC277B9A191C}.Debug|Any CPU.ActiveCfg = Debug|Any CPU
		{C7141A0A-7A5A-4542-826B-CC277B9A191C}.Debug|Any CPU.Build.0 = Debug|Any CPU
		{C7141A0A-7A5A-4542-826B-CC277B9A191C}.Release|Any CPU.ActiveCfg = Release|Any CPU
		{C7141A0A-7A5A-4542-826B-CC277B9A191C}.Release|Any CPU.Build.0 = Release|Any CPU
	EndGlobalSection
	GlobalSection(SolutionProperties) = preSolution
		HideSolutionNode = FALSE
	EndGlobalSection
	GlobalSection(ExtensibilityGlobals) = postSolution
		SolutionGuid = {58D565EC-4ED1-411A-935D-E30E0A221FAB}
	EndGlobalSection
EndGlobal
